<?xml version="1.0" encoding="UTF-8" standalone="yes" ?>
<CodeBlocks_project_file>
	<FileVersion major="1" minor="6" />
	<Project>
		<Option title="sistema-universitario" />
		<Option pch_mode="2" />
		<Option compiler="gcc" />
		<Build>
			<Target title="Debug">
				<Option output="bin/Debug/sistema-universitario" prefix_auto="1" extension_auto="1" />
				<Option object_output="obj/Debug/" />
				<Option type="1" />
				<Option compiler="gcc" />
				<Compiler>
					<Add option="-g" />
					<Add directory="include" />
					<Add directory="./" />
				</Compiler>
			</Target>
			<Target title="Release">
				<Option output="bin/Release/sistema-universitario" prefix_auto="1" extension_auto="1" />
				<Option object_output="obj/Release/" />
				<Option type="1" />
				<Option compiler="gcc" />
				<Compiler>
					<Add option="-O2" />
					<Add directory="include" />
					<Add directory="./" />
				</Compiler>
				<Linker>
					<Add option="-s" />
				</Linker>
			</Target>
		</Build>
		<Compiler>
			<Add option="-Wall" />
			<Add option="-fexceptions" />
		</Compiler>
		<Unit filename="Archivo.h" />
		<Unit filename="CargaInicial.cpp" />
		<Unit filename="CargaInicial.h" />
		<Unit filename="Carrera.cpp" />
		<Unit filename="Carrera.h" />
		<Unit filename="Cuatrimestre.cpp" />
		<Unit filename="Cuatrimestre.h" />
		<Unit filename="CursadaMateria.cpp" />
		<Unit filename="CursadaMateria.h" />
		<Unit filename="DatosCursada.cpp" />
		<Unit filename="DatosCursada.h" />
		<Unit filename="Evento.cpp" />
		<Unit filename="Evento.h" />
		<Unit filename="Fecha.cpp" />
		<Unit filename="Fecha.h" />
		<Unit filename="FechaHorario.cpp" />
		<Unit filename="FechaHorario.h" />
		<Unit filename="GestorCarrera.cpp" />
		<Unit filename="GestorCarrera.h" />
		<Unit filename="GestorConfig.cpp" />
		<Unit filename="GestorConfig.h" />
		<Unit filename="GestorCorrelativas.cpp" />
		<Unit filename="GestorCorrelativas.h" />
		<Unit filename="GestorCsv.cpp" />
		<Unit filename="GestorCsv.h" />
		<Unit filename="GestorCuatrimestre.cpp" />
		<Unit filename="GestorCuatrimestre.h" />
		<Unit filename="GestorCursadaMateria.cpp" />
		<Unit filename="GestorCursadaMateria.h" />
		<Unit filename="GestorDirectorios.cpp" />
		<Unit filename="GestorDirectorios.h" />
		<Unit filename="GestorEventos.cpp" />
		<Unit filename="GestorEventos.h" />
		<Unit filename="GestorMaterias.cpp" />
		<Unit filename="GestorMaterias.h" />
		<Unit filename="GestorNotasFinales.cpp" />
		<Unit filename="GestorNotasFinales.h" />
		<Unit filename="Horario.cpp" />
		<Unit filename="Horario.h" />
		<Unit filename="Materia.cpp" />
		<Unit filename="Materia.h" />
		<Unit filename="Mensajero.cpp" />
		<Unit filename="Mensajero.h" />
		<Unit filename="Menu.cpp" />
		<Unit filename="Menu.h" />
		<Unit filename="NotaFinal.cpp" />
		<Unit filename="NotaFinal.h" />
		<Unit filename="Sistema.cpp" />
		<Unit filename="Sistema.h" />
		<Unit filename="Unidad.cpp" />
		<Unit filename="Unidad.h" />
		<Unit filename="config.cpp" />
		<Unit filename="config.h" />
		<Unit filename="func_archivos.cpp" />
		<Unit filename="func_archivos.h" />
		<Unit filename="func_csv.cpp" />
		<Unit filename="func_csv.h" />
		<Unit filename="func_utiles.cpp" />
		<Unit filename="func_utiles.h" />
		<Unit filename="main.cpp" />
		<Unit filename="rlutil.h" />
		<Unit filename="rutas.h" />
		<Unit filename="sistema-universitario.layout" />
		<Extensions />
	</Project>
</CodeBlocks_project_file>
